// !$*UTF8*$!
{
	archiveVersion = 1;
	classes = {
	};
	objectVersion = 50;
	objects = {

/* Begin PBXBuildFile section */
		CA58821D24A86EE600A07431 /* protocal.swift in Sources */ = {isa = PBXBuildFile; fileRef = CA58821C24A86EE600A07431 /* protocal.swift */; };
		CA58821F24A983E000A07431 /* operator.swift in Sources */ = {isa = PBXBuildFile; fileRef = CA58821E24A983E000A07431 /* operator.swift */; };
		CA58822124A990D100A07431 /* template.swift in Sources */ = {isa = PBXBuildFile; fileRef = CA58822024A990D100A07431 /* template.swift */; };
		CA58822324A9973D00A07431 /* extension.swift in Sources */ = {isa = PBXBuildFile; fileRef = CA58822224A9973D00A07431 /* extension.swift */; };
		CA58822724AB091000A07431 /* pop.swift in Sources */ = {isa = PBXBuildFile; fileRef = CA58822624AB091000A07431 /* pop.swift */; };
		CA6ABCAA24A2F18000D4A13A /* fp.swift in Sources */ = {isa = PBXBuildFile; fileRef = CA6ABCA924A2F18000D4A13A /* fp.swift */; };
		CA9E5FFA248DD2F80044C642 /* main.swift in Sources */ = {isa = PBXBuildFile; fileRef = CA9E5FF9248DD2F80044C642 /* main.swift */; };
		CAB0FB5F24D7FB7C00C55A3D /* LinkList.swift in Sources */ = {isa = PBXBuildFile; fileRef = CAB0FB5E24D7FB7C00C55A3D /* LinkList.swift */; };
/* End PBXBuildFile section */

/* Begin PBXCopyFilesBuildPhase section */
		CA9E5FF4248DD2F80044C642 /* CopyFiles */ = {
			isa = PBXCopyFilesBuildPhase;
			buildActionMask = 2147483647;
			dstPath = /usr/share/man/man1/;
			dstSubfolderSpec = 0;
			files = (
			);
			runOnlyForDeploymentPostprocessing = 1;
		};
/* End PBXCopyFilesBuildPhase section */

/* Begin PBXFileReference section */
		CA58821C24A86EE600A07431 /* protocal.swift */ = {isa = PBXFileReference; lastKnownFileType = sourcecode.swift; path = protocal.swift; sourceTree = "<group>"; };
		CA58821E24A983E000A07431 /* operator.swift */ = {isa = PBXFileReference; lastKnownFileType = sourcecode.swift; path = operator.swift; sourceTree = "<group>"; };
		CA58822024A990D100A07431 /* template.swift */ = {isa = PBXFileReference; lastKnownFileType = sourcecode.swift; path = template.swift; sourceTree = "<group>"; };
		CA58822224A9973D00A07431 /* extension.swift */ = {isa = PBXFileReference; lastKnownFileType = sourcecode.swift; path = extension.swift; sourceTree = "<group>"; };
		CA58822624AB091000A07431 /* pop.swift */ = {isa = PBXFileReference; lastKnownFileType = sourcecode.swift; path = pop.swift; sourceTree = "<group>"; };
		CA6ABCA924A2F18000D4A13A /* fp.swift */ = {isa = PBXFileReference; lastKnownFileType = sourcecode.swift; path = fp.swift; sourceTree = "<group>"; };
		CA9E5FF6248DD2F80044C642 /* testSwift */ = {isa = PBXFileReference; explicitFileType = "compiled.mach-o.executable"; includeInIndex = 0; path = testSwift; sourceTree = BUILT_PRODUCTS_DIR; };
		CA9E5FF9248DD2F80044C642 /* main.swift */ = {isa = PBXFileReference; lastKnownFileType = sourcecode.swift; path = main.swift; sourceTree = "<group>"; };
		CAB0FB5E24D7FB7C00C55A3D /* LinkList.swift */ = {isa = PBXFileReference; lastKnownFileType = sourcecode.swift; path = LinkList.swift; sourceTree = "<group>"; };
/* End PBXFileReference section */

/* Begin PBXFrameworksBuildPhase section */
		CA9E5FF3248DD2F80044C642 /* Frameworks */ = {
			isa = PBXFrameworksBuildPhase;
			buildActionMask = 2147483647;
			files = (
			);
			runOnlyForDeploymentPostprocessing = 0;
		};
/* End PBXFrameworksBuildPhase section */

/* Begin PBXGroup section */
		CA9E5FED248DD2F80044C642 = {
			isa = PBXGroup;
			children = (
				CA9E5FF8248DD2F80044C642 /* testSwift */,
				CA9E5FF7248DD2F80044C642 /* Products */,
			);
			sourceTree = "<group>";
		};
		CA9E5FF7248DD2F80044C642 /* Products */ = {
			isa = PBXGroup;
			children = (
				CA9E5FF6248DD2F80044C642 /* testSwift */,
			);
			name = Products;
			sourceTree = "<group>";
		};
		CA9E5FF8248DD2F80044C642 /* testSwift */ = {
			isa = PBXGroup;
			children = (
				CA9E5FF9248DD2F80044C642 /* main.swift */,
				CA58821C24A86EE600A07431 /* protocal.swift */,
				CA58822024A990D100A07431 /* template.swift */,
				CA58821E24A983E000A07431 /* operator.swift */,
				CA58822224A9973D00A07431 /* extension.swift */,
				CA6ABCA924A2F18000D4A13A /* fp.swift */,
				CA58822624AB091000A07431 /* pop.swift */,
				CAB0FB5E24D7FB7C00C55A3D /* LinkList.swift */,
			);
			path = testSwift;
			sourceTree = "<group>";
		};
/* End PBXGroup section */

/* Begin PBXNativeTarget section */
		CA9E5FF5248DD2F80044C642 /* testSwift */ = {
			isa = PBXNativeTarget;
			buildConfigurationList = CA9E5FFD248DD2F80044C642 /* Build configuration list for PBXNativeTarget "testSwift" */;
			buildPhases = (
				CA9E5FF2248DD2F80044C642 /* Sources */,
				CA9E5FF3248DD2F80044C642 /* Frameworks */,
				CA9E5FF4248DD2F80044C642 /* CopyFiles */,
			);
			buildRules = (
			);
			dependencies = (
			);
			name = testSwift;
			productName = testSwift;
			productReference = CA9E5FF6248DD2F80044C642 /* testSwift */;
			productType = "com.apple.product-type.tool";
		};
/* End PBXNativeTarget section */

/* Begin PBXProject section */
		CA9E5FEE248DD2F80044C642 /* Project object */ = {
			isa = PBXProject;
			attributes = {
				LastSwiftUpdateCheck = 1150;
				LastUpgradeCheck = 1150;
				ORGANIZATIONNAME = "flame chen";
				TargetAttributes = {
					CA9E5FF5248DD2F80044C642 = {
						CreatedOnToolsVersion = 11.5;
					};
				};
			};
			buildConfigurationList = CA9E5FF1248DD2F80044C642 /* Build configuration list for PBXProject "testSwift" */;
			compatibilityVersion = "Xcode 9.3";
			developmentRegion = en;
			hasScannedForEncodings = 0;
			knownRegions = (
				en,
				Base,
			);
			mainGroup = CA9E5FED248DD2F80044C642;
			productRefGroup = CA9E5FF7248DD2F80044C642 /* Products */;
			projectDirPath = "";
			projectRoot = "";
			targets = (
				CA9E5FF5248DD2F80044C642 /* testSwift */,
			);
		};
/* End PBXProject section */

/* Begin PBXSourcesBuildPhase section */
		CA9E5FF2248DD2F80044C642 /* Sources */ = {
			isa = PBXSourcesBuildPhase;
			buildActionMask = 2147483647;
			files = (
				CA58822124A990D100A07431 /* template.swift in Sources */,
				CA58821D24A86EE600A07431 /* protocal.swift in Sources */,
				CA58821F24A983E000A07431 /* operator.swift in Sources */,
				CAB0FB5F24D7FB7C00C55A3D /* LinkList.swift in Sources */,
				CA58822724AB091000A07431 /* pop.swift in Sources */,
				CA58822324A9973D00A07431 /* extension.swift in Sources */,
				CA9E5FFA248DD2F80044C642 /* main.swift in Sources */,
				CA6ABCAA24A2F18000D4A13A /* fp.swift in Sources */,
			);
			runOnlyForDeploymentPostprocessing = 0;
		};
/* End PBXSourcesBuildPhase section */

/* Begin XCBuildConfiguration section */
		CA9E5FFB248DD2F80044C642 /* Debug */ = {
			isa = XCBuildConfiguration;
			buildSettings = {
				ALWAYS_SEARCH_USER_PATHS = NO;
				CLANG_ANALYZER_NONNULL = YES;
				CLANG_ANALYZER_NUMBER_OBJECT_CONVERSION = YES_AGGRESSIVE;
				CLANG_CXX_LANGUAGE_STANDARD = "gnu++14";
				CLANG_CXX_LIBRARY = "libc++";
				CLANG_ENABLE_MODULES = YES;
				CLANG_ENABLE_OBJC_ARC = YES;
				CLANG_ENABLE_OBJC_WEAK = YES;
				CLANG_WARN_BLOCK_CAPTURE_AUTORELEASING = YES;
				CLANG_WARN_BOOL_CONVERSION = YES;
				CLANG_WARN_COMMA = YES;
				CLANG_WARN_CONSTANT_CONVERSION = YES;
				CLANG_WARN_DEPRECATED_OBJC_IMPLEMENTATIONS = YES;
				CLANG_WARN_DIRECT_OBJC_ISA_USAGE = YES_ERROR;
				CLANG_WARN_DOCUMENTATION_COMMENTS = YES;
				CLANG_WARN_EMPTY_BODY = YES;
				CLANG_WARN_ENUM_CONVERSION = YES;
				CLANG_WARN_INFINITE_RECURSION = YES;
				CLANG_WARN_INT_CONVERSION = YES;
				CLANG_WARN_NON_LITERAL_NULL_CONVERSION = YES;
				CLANG_WARN_OBJC_IMPLICIT_RETAIN_SELF = YES;
				CLANG_WARN_OBJC_LITERAL_CONVERSION = YES;
				CLANG_WARN_OBJC_ROOT_CLASS = YES_ERROR;
				CLANG_WARN_RANGE_LOOP_ANALYSIS = YES;
				CLANG_WARN_STRICT_PROTOTYPES = YES;
				CLANG_WARN_SUSPICIOUS_MOVE = YES;
				CLANG_WARN_UNGUARDED_AVAILABILITY = YES_AGGRESSIVE;
				CLANG_WARN_UNREACHABLE_CODE = YES;
				CLANG_WARN__DUPLICATE_METHOD_MATCH = YES;
				COPY_PHASE_STRIP = NO;
				DEBUG_INFORMATION_FORMAT = dwarf;
				ENABLE_STRICT_OBJC_MSGSEND = YES;
				ENABLE_TESTABILITY = YES;
				GCC_C_LANGUAGE_STANDARD = gnu11;
				GCC_DYNAMIC_NO_PIC = NO;
				GCC_NO_COMMON_BLOCKS = YES;
				GCC_OPTIMIZATION_LEVEL = 0;
				GCC_PREPROCESSOR_DEFINITIONS = (
					"DEBUG=1",
					"$(inherited)",
				);
				GCC_WARN_64_TO_32_BIT_CONVERSION = YES;
				GCC_WARN_ABOUT_RETURN_TYPE = YES_ERROR;
				GCC_WARN_UNDECLARED_SELECTOR = YES;
				GCC_WARN_UNINITIALIZED_AUTOS = YES_AGGRESSIVE;
				GCC_WARN_UNUSED_FUNCTION = YES;
				GCC_WARN_UNUSED_VARIABLE = YES;
				MACOSX_DEPLOYMENT_TARGET = 10.15;
				MTL_ENABLE_DEBUG_INFO = INCLUDE_SOURCE;
				MTL_FAST_MATH = YES;
				ONLY_ACTIVE_ARCH = YES;
				SDKROOT = macosx;
				SWIFT_ACTIVE_COMPILATION_CONDITIONS = DEBUG;
				SWIFT_OPTIMIZATION_LEVEL = "-Onone";
			};
			name = Debug;
		};
		CA9E5FFC248DD2F80044C642 /* Release */ = {
			isa = XCBuildConfiguration;
			buildSettings = {
				ALWAYS_SEARCH_USER_PATHS = NO;
				CLANG_ANALYZER_NONNULL = YES;
				CLANG_ANALYZER_NUMBER_OBJECT_CONVERSION = YES_AGGRESSIVE;
				CLANG_CXX_LANGUAGE_STANDARD = "gnu++14";
				CLANG_CXX_LIBRARY = "libc++";
				CLANG_ENABLE_MODULES = YES;
				CLANG_ENABLE_OBJC_ARC = YES;
				CLANG_ENABLE_OBJC_WEAK = YES;
				CLANG_WARN_BLOCK_CAPTURE_AUTORELEASING = YES;
				CLANG_WARN_BOOL_CONVERSION = YES;
				CLANG_WARN_COMMA = YES;
				CLANG_WARN_CONSTANT_CONVERSION = YES;
				CLANG_WARN_DEPRECATED_OBJC_IMPLEMENTATIONS = YES;
				CLANG_WARN_DIRECT_OBJC_ISA_USAGE = YES_ERROR;
				CLANG_WARN_DOCUMENTATION_COMMENTS = YES;
				CLANG_WARN_EMPTY_BODY = YES;
				CLANG_WARN_ENUM_CONVERSION = YES;
				CLANG_WARN_INFINITE_RECURSION = YES;
				CLANG_WARN_INT_CONVERSION = YES;
				CLANG_WARN_NON_LITERAL_NULL_CONVERSION = YES;
				CLANG_WARN_OBJC_IMPLICIT_RETAIN_SELF = YES;
				CLANG_WARN_OBJC_LITERAL_CONVERSION = YES;
				CLANG_WARN_OBJC_ROOT_CLASS = YES_ERROR;
				CLANG_WARN_RANGE_LOOP_ANALYSIS = YES;
				CLANG_WARN_STRICT_PROTOTYPES = YES;
				CLANG_WARN_SUSPICIOUS_MOVE = YES;
				CLANG_WARN_UNGUARDED_AVAILABILITY = YES_AGGRESSIVE;
				CLANG_WARN_UNREACHABLE_CODE = YES;
				CLANG_WARN__DUPLICATE_METHOD_MATCH = YES;
				COPY_PHASE_STRIP = NO;
				DEBUG_INFORMATION_FORMAT = "dwarf-with-dsym";
				ENABLE_NS_ASSERTIONS = NO;
				ENABLE_STRICT_OBJC_MSGSEND = YES;
				GCC_C_LANGUAGE_STANDARD = gnu11;
				GCC_NO_COMMON_BLOCKS = YES;
				GCC_WARN_64_TO_32_BIT_CONVERSION = YES;
				GCC_WARN_ABOUT_RETURN_TYPE = YES_ERROR;
				GCC_WARN_UNDECLARED_SELECTOR = YES;
				GCC_WARN_UNINITIALIZED_AUTOS = YES_AGGRESSIVE;
				GCC_WARN_UNUSED_FUNCTION = YES;
				GCC_WARN_UNUSED_VARIABLE = YES;
				MACOSX_DEPLOYMENT_TARGET = 10.15;
				MTL_ENABLE_DEBUG_INFO = NO;
				MTL_FAST_MATH = YES;
				SDKROOT = macosx;
				SWIFT_COMPILATION_MODE = wholemodule;
				SWIFT_OPTIMIZATION_LEVEL = "-O";
			};
			name = Release;
		};
		CA9E5FFE248DD2F80044C642 /* Debug */ = {
			isa = XCBuildConfiguration;
			buildSettings = {
				CODE_SIGN_STYLE = Automatic;
				PRODUCT_NAME = "$(TARGET_NAME)";
				SWIFT_VERSION = 5.0;
			};
			name = Debug;
		};
		CA9E5FFF248DD2F80044C642 /* Release */ = {
			isa = XCBuildConfiguration;
			buildSettings = {
				CODE_SIGN_STYLE = Automatic;
				PRODUCT_NAME = "$(TARGET_NAME)";
				SWIFT_VERSION = 5.0;
			};
			name = Release;
		};
/* End XCBuildConfiguration section */

/* Begin XCConfigurationList section */
		CA9E5FF1248DD2F80044C642 /* Build configuration list for PBXProject "testSwift" */ = {
			isa = XCConfigurationList;
			buildConfigurations = (
				CA9E5FFB248DD2F80044C642 /* Debug */,
				CA9E5FFC248DD2F80044C642 /* Release */,
			);
			defaultConfigurationIsVisible = 0;
			defaultConfigurationName = Release;
		};
		CA9E5FFD248DD2F80044C642 /* Build configuration list for PBXNativeTarget "testSwift" */ = {
			isa = XCConfigurationList;
			buildConfigurations = (
				CA9E5FFE248DD2F80044C642 /* Debug */,
				CA9E5FFF248DD2F80044C642 /* Release */,
			);
			defaultConfigurationIsVisible = 0;
			defaultConfigurationName = Release;
		};
/* End XCConfigurationList section */
	};
	rootObject = CA9E5FEE248DD2F80044C642 /* Project object */;
}
